# THIS IS AN AUTOGENERATED FILE. DO NOT EDIT THIS FILE DIRECTLY.
# yarn lockfile v1


"@popperjs/core@^2.9.2":
  version "2.9.3"
  resolved "https://registry.yarnpkg.com/@popperjs/core/-/core-2.9.3.tgz#8b68da1ebd7fc603999cf6ebee34a4899a14b88e"
  integrity sha512-xDu17cEfh7Kid/d95kB6tZsLOmSWKCZKtprnhVepjsSaCij+lM3mItSJDuuHDMbCWTh8Ejmebwb+KONcCJ0eXQ==

"@types/bootstrap@^5.1.2":
  version "5.1.2"
  resolved "https://registry.yarnpkg.com/@types/bootstrap/-/bootstrap-5.1.2.tgz#24f08f1957ff5859633f4bf620e921d296e6c3a2"
  integrity sha512-dSQvMi2dMyNwJU6LZjP0pimuBowsMUvGScYdfqqeiDUoj9TxXZCpfu0cTl94U0Zvw/tdH9j/9ToOhi4LKNLZhg==
  dependencies:
    "@popperjs/core" "^2.9.2"
    "@types/jquery" "*"

"@types/jquery@*":
  version "3.5.6"
  resolved "https://registry.yarnpkg.com/@types/jquery/-/jquery-3.5.6.tgz#97ac8e36dccd8ad8ed3f3f3b48933614d9fd8cf0"
  integrity sha512-SmgCQRzGPId4MZQKDj9Hqc6kSXFNWZFHpELkyK8AQhf8Zr6HKfCzFv9ZC1Fv3FyQttJZOlap3qYb12h61iZAIg==
  dependencies:
    "@types/sizzle" "*"

"@types/sizzle@*":
  version "2.3.3"
  resolved "https://registry.yarnpkg.com/@types/sizzle/-/sizzle-2.3.3.tgz#ff5e2f1902969d305225a047c8a0fd5c915cebef"
  integrity sha512-JYM8x9EGF163bEyhdJBpR2QX1R5naCJHC8ucJylJ3w9/CVBaskdQ8WqBf8MmQrd1kRvp/a4TS8HJ+bxzR7ZJYQ==

bootstrap@^5.1.0:
  version "5.1.0"
  resolved "https://registry.yarnpkg.com/bootstrap/-/bootstrap-5.1.0.tgz#543ef8f44f4b9af67b0230f19508542fec38ef55"
  integrity sha512-bs74WNI9BgBo3cEovmdMHikSKoXnDgA6VQjJ7TyTotU6L7d41ZyCEEelPwkYEzsG/Zjv3ie9IE3EMAje0W9Xew==
